
Microsoft Visual Studio Solution File, Format Version 12.00
# Visual Studio Version 17
VisualStudioVersion = 17.14.36717.8 d17.14
MinimumVisualStudioVersion = 10.0.40219.1
Project("{FAE04EC0-301F-11D3-BF4B-00C04F79EFBC}") = "carrentalmanagement", "carrentalmanagement\carrentalmanagement.csproj", "{696E9139-232B-4821-83D7-C40F2CE283AE}"
EndProject
Global
	GlobalSection(SolutionConfigurationPlatforms) = preSolution
		Debug|Any CPU = Debug|Any CPU
		Release|Any CPU = Release|Any CPU
	EndGlobalSection
	GlobalSection(ProjectConfigurationPlatforms) = postSolution
		{696E9139-232B-4821-83D7-C40F2CE283AE}.Debug|Any CPU.ActiveCfg = Debug|Any CPU
		{696E9139-232B-4821-83D7-C40F2CE283AE}.Debug|Any CPU.Build.0 = Debug|Any CPU
		{696E9139-232B-4821-83D7-C40F2CE283AE}.Release|Any CPU.ActiveCfg = Release|Any CPU
		{696E9139-232B-4821-83D7-C40F2CE283AE}.Release|Any CPU.Build.0 = Release|Any CPU
	EndGlobalSection
	GlobalSection(SolutionProperties) = preSolution
		HideSolutionNode = FALSE
	EndGlobalSection
	GlobalSection(ExtensibilityGlobals) = postSolution
		SolutionGuid = {9F309D9B-80FE-4A10-8A52-1DDF1DEB4D9A}
	EndGlobalSection
EndGlobal
